
Microsoft Visual Studio Solution File, Format Version 12.00
# Visual Studio Version 16
VisualStudioVersion = 16.0.29418.71
MinimumVisualStudioVersion = 10.0.40219.1
Project("{FAE04EC0-301F-11D3-BF4B-00C04F79EFBC}") = "Rysowanie-figur", "Rysowanie-figur.csproj", "{A1F9BA9E-8C47-4AB9-82ED-1CC6BEF4AF63}"
EndProject
Global
	GlobalSection(SolutionConfigurationPlatforms) = preSolution
		Debug|Any CPU = Debug|Any CPU
		Release|Any CPU = Release|Any CPU
	EndGlobalSection
	GlobalSection(ProjectConfigurationPlatforms) = postSolution
		{A1F9BA9E-8C47-4AB9-82ED-1CC6BEF4AF63}.Debug|Any CPU.ActiveCfg = Debug|Any CPU
		{A1F9BA9E-8C47-4AB9-82ED-1CC6BEF4AF63}.Debug|Any CPU.Build.0 = Debug|Any CPU
		{A1F9BA9E-8C47-4AB9-82ED-1CC6BEF4AF63}.Release|Any CPU.ActiveCfg = Release|Any CPU
		{A1F9BA9E-8C47-4AB9-82ED-1CC6BEF4AF63}.Release|Any CPU.Build.0 = Release|Any CPU
	EndGlobalSection
	GlobalSection(SolutionProperties) = preSolution
		HideSolutionNode = FALSE
	EndGlobalSection
	GlobalSection(ExtensibilityGlobals) = postSolution
		SolutionGuid = {FEC21A2B-2228-4F6E-8D68-0C43D684CF56}
	EndGlobalSection
EndGlobal
